
Microsoft Visual Studio Solution File, Format Version 12.00
# Visual Studio Version 17
VisualStudioVersion = 17.9.34902.65
MinimumVisualStudioVersion = 10.0.40219.1
Project("{FAE04EC0-301F-11D3-BF4B-00C04F79EFBC}") = "Product-API-ADO-NET", "Product-API-ADO-NET\Product-API-ADO-NET.csproj", "{459E9F13-5034-48C9-BECA-114BA1BC05CA}"
EndProject
Global
	GlobalSection(SolutionConfigurationPlatforms) = preSolution
		Debug|Any CPU = Debug|Any CPU
		Release|Any CPU = Release|Any CPU
	EndGlobalSection
	GlobalSection(ProjectConfigurationPlatforms) = postSolution
		{459E9F13-5034-48C9-BECA-114BA1BC05CA}.Debug|Any CPU.ActiveCfg = Debug|Any CPU
		{459E9F13-5034-48C9-BECA-114BA1BC05CA}.Debug|Any CPU.Build.0 = Debug|Any CPU
		{459E9F13-5034-48C9-BECA-114BA1BC05CA}.Release|Any CPU.ActiveCfg = Release|Any CPU
		{459E9F13-5034-48C9-BECA-114BA1BC05CA}.Release|Any CPU.Build.0 = Release|Any CPU
	EndGlobalSection
	GlobalSection(SolutionProperties) = preSolution
		HideSolutionNode = FALSE
	EndGlobalSection
	GlobalSection(ExtensibilityGlobals) = postSolution
		SolutionGuid = {6720882F-1B8B-41C8-9ED1-577706CDCFD7}
	EndGlobalSection
EndGlobal
